
Microsoft Visual Studio Solution File, Format Version 12.00
# Visual Studio Version 16
VisualStudioVersion = 16.0.30503.244
MinimumVisualStudioVersion = 10.0.40219.1
Project("{8BC9CEB8-8B4A-11D0-8D11-00A0C91BC942}") = "SwitchPanel", "SwitchPanel.vcxproj", "{07E52FBC-1D25-4F04-9B8C-28B3A72AD0CC}"
EndProject
Global
	GlobalSection(SolutionConfigurationPlatforms) = preSolution
		Debug|x64 = Debug|x64
		Debug|x86 = Debug|x86
		Release|x64 = Release|x64
		Release|x86 = Release|x86
	EndGlobalSection
	GlobalSection(ProjectConfigurationPlatforms) = postSolution
		{07E52FBC-1D25-4F04-9B8C-28B3A72AD0CC}.Debug|x64.ActiveCfg = Debug|x64
		{07E52FBC-1D25-4F04-9B8C-28B3A72AD0CC}.Debug|x64.Build.0 = Debug|x64
		{07E52FBC-1D25-4F04-9B8C-28B3A72AD0CC}.Debug|x86.ActiveCfg = Debug|Win32
		{07E52FBC-1D25-4F04-9B8C-28B3A72AD0CC}.Debug|x86.Build.0 = Debug|Win32
		{07E52FBC-1D25-4F04-9B8C-28B3A72AD0CC}.Release|x64.ActiveCfg = Release|x64
		{07E52FBC-1D25-4F04-9B8C-28B3A72AD0CC}.Release|x64.Build.0 = Release|x64
		{07E52FBC-1D25-4F04-9B8C-28B3A72AD0CC}.Release|x86.ActiveCfg = Release|Win32
		{07E52FBC-1D25-4F04-9B8C-28B3A72AD0CC}.Release|x86.Build.0 = Release|Win32
	EndGlobalSection
	GlobalSection(SolutionProperties) = preSolution
		HideSolutionNode = FALSE
	EndGlobalSection
	GlobalSection(ExtensibilityGlobals) = postSolution
		SolutionGuid = {7FF9148E-1F38-48B1-9ED9-C189B1F04DD9}
	EndGlobalSection
EndGlobal
